
Microsoft Visual Studio Solution File, Format Version 12.00
# Visual Studio Version 17
VisualStudioVersion = 17.14.37301.10 d17.14
MinimumVisualStudioVersion = 10.0.40219.1
Project("{FAE04EC0-301F-11D3-BF4B-00C04F79EFBC}") = "VehicleExplorer.Web", "VehicleExplorer\VehicleExplorer.Web.csproj", "{7B9A130F-3909-42D7-B093-2E1037721647}"
EndProject
Global
	GlobalSection(SolutionConfigurationPlatforms) = preSolution
		Debug|Any CPU = Debug|Any CPU
		Release|Any CPU = Release|Any CPU
	EndGlobalSection
	GlobalSection(ProjectConfigurationPlatforms) = postSolution
		{7B9A130F-3909-42D7-B093-2E1037721647}.Debug|Any CPU.ActiveCfg = Debug|Any CPU
		{7B9A130F-3909-42D7-B093-2E1037721647}.Debug|Any CPU.Build.0 = Debug|Any CPU
		{7B9A130F-3909-42D7-B093-2E1037721647}.Release|Any CPU.ActiveCfg = Release|Any CPU
		{7B9A130F-3909-42D7-B093-2E1037721647}.Release|Any CPU.Build.0 = Release|Any CPU
	EndGlobalSection
	GlobalSection(SolutionProperties) = preSolution
		HideSolutionNode = FALSE
	EndGlobalSection
	GlobalSection(ExtensibilityGlobals) = postSolution
		SolutionGuid = {FFE61D58-EA20-439D-B018-2F531C4653F7}
	EndGlobalSection
EndGlobal
